// !$*UTF8*$!
{
	archiveVersion = 1;
	classes = {
	};
	objectVersion = 55;
	objects = {

/* Begin PBXBuildFile section */
		CA31F57C0FE09B96EFB9CC9B /* Pods_Snapchat_Clone___Firebase__.framework in Frameworks */ = {isa = PBXBuildFile; fileRef = 6F6AE56A21A30E06415FF197 /* Pods_Snapchat_Clone___Firebase__.framework */; };
		DE49174328736F4E00824D4D /* AppDelegate.swift in Sources */ = {isa = PBXBuildFile; fileRef = DE49174228736F4E00824D4D /* AppDelegate.swift */; };
		DE49174528736F4E00824D4D /* SceneDelegate.swift in Sources */ = {isa = PBXBuildFile; fileRef = DE49174428736F4E00824D4D /* SceneDelegate.swift */; };
		DE49174728736F4E00824D4D /* SignInViewController.swift in Sources */ = {isa = PBXBuildFile; fileRef = DE49174628736F4E00824D4D /* SignInViewController.swift */; };
		DE49174A28736F4E00824D4D /* Main.storyboard in Resources */ = {isa = PBXBuildFile; fileRef = DE49174828736F4E00824D4D /* Main.storyboard */; };
		DE49174C28736F5100824D4D /* Assets.xcassets in Resources */ = {isa = PBXBuildFile; fileRef = DE49174B28736F5100824D4D /* Assets.xcassets */; };
		DE49174F28736F5100824D4D /* LaunchScreen.storyboard in Resources */ = {isa = PBXBuildFile; fileRef = DE49174D28736F5100824D4D /* LaunchScreen.storyboard */; };
		DE4917572873704D00824D4D /* GoogleService-Info.plist in Resources */ = {isa = PBXBuildFile; fileRef = DE4917562873704D00824D4D /* GoogleService-Info.plist */; };
		DEDD6B312873760700EA1BB4 /* FeedViewController.swift in Sources */ = {isa = PBXBuildFile; fileRef = DEDD6B302873760700EA1BB4 /* FeedViewController.swift */; };
		DEDD6B332873760D00EA1BB4 /* UploadViewController.swift in Sources */ = {isa = PBXBuildFile; fileRef = DEDD6B322873760D00EA1BB4 /* UploadViewController.swift */; };
		DEDD6B352873761300EA1BB4 /* SettingsViewController.swift in Sources */ = {isa = PBXBuildFile; fileRef = DEDD6B342873761300EA1BB4 /* SettingsViewController.swift */; };
		DEDD6B3928737A0500EA1BB4 /* SnapViewController.swift in Sources */ = {isa = PBXBuildFile; fileRef = DEDD6B3828737A0500EA1BB4 /* SnapViewController.swift */; };
		DEDD6B3C28737AC300EA1BB4 /* Extensions-Utilities.swift in Sources */ = {isa = PBXBuildFile; fileRef = DEDD6B3B28737AC300EA1BB4 /* Extensions-Utilities.swift */; };
/* End PBXBuildFile section */

/* Begin PBXFileReference section */
		1E7DA24A3DD9D3434F5714A9 /* Pods-Snapchat Clone - Firebase -.debug.xcconfig */ = {isa = PBXFileReference; includeInIndex = 1; lastKnownFileType = text.xcconfig; name = "Pods-Snapchat Clone - Firebase -.debug.xcconfig"; path = "Target Support Files/Pods-Snapchat Clone - Firebase -/Pods-Snapchat Clone - Firebase -.debug.xcconfig"; sourceTree = "<group>"; };
		6F6AE56A21A30E06415FF197 /* Pods_Snapchat_Clone___Firebase__.framework */ = {isa = PBXFileReference; explicitFileType = wrapper.framework; includeInIndex = 0; path = "Pods_Snapchat_Clone___Firebase__.framework"; sourceTree = BUILT_PRODUCTS_DIR; };
		DE49173F28736F4E00824D4D /* Snapchat Clone - Firebase -.app */ = {isa = PBXFileReference; explicitFileType = wrapper.application; includeInIndex = 0; path = "Snapchat Clone - Firebase -.app"; sourceTree = BUILT_PRODUCTS_DIR; };
		DE49174228736F4E00824D4D /* AppDelegate.swift */ = {isa = PBXFileReference; lastKnownFileType = sourcecode.swift; path = AppDelegate.swift; sourceTree = "<group>"; };
		DE49174428736F4E00824D4D /* SceneDelegate.swift */ = {isa = PBXFileReference; lastKnownFileType = sourcecode.swift; path = SceneDelegate.swift; sourceTree = "<group>"; };
		DE49174628736F4E00824D4D /* SignInViewController.swift */ = {isa = PBXFileReference; lastKnownFileType = sourcecode.swift; path = SignInViewController.swift; sourceTree = "<group>"; };
		DE49174928736F4E00824D4D /* Base */ = {isa = PBXFileReference; lastKnownFileType = file.storyboard; name = Base; path = Base.lproj/Main.storyboard; sourceTree = "<group>"; };
		DE49174B28736F5100824D4D /* Assets.xcassets */ = {isa = PBXFileReference; lastKnownFileType = folder.assetcatalog; path = Assets.xcassets; sourceTree = "<group>"; };
		DE49174E28736F5100824D4D /* Base */ = {isa = PBXFileReference; lastKnownFileType = file.storyboard; name = Base; path = Base.lproj/LaunchScreen.storyboard; sourceTree = "<group>"; };
		DE49175028736F5100824D4D /* Info.plist */ = {isa = PBXFileReference; lastKnownFileType = text.plist.xml; path = Info.plist; sourceTree = "<group>"; };
		DE4917562873704D00824D4D /* GoogleService-Info.plist */ = {isa = PBXFileReference; fileEncoding = 4; lastKnownFileType = text.plist.xml; path = "GoogleService-Info.plist"; sourceTree = "<group>"; };
		DEDD6B302873760700EA1BB4 /* FeedViewController.swift */ = {isa = PBXFileReference; lastKnownFileType = sourcecode.swift; path = FeedViewController.swift; sourceTree = "<group>"; };
		DEDD6B322873760D00EA1BB4 /* UploadViewController.swift */ = {isa = PBXFileReference; lastKnownFileType = sourcecode.swift; path = UploadViewController.swift; sourceTree = "<group>"; };
		DEDD6B342873761300EA1BB4 /* SettingsViewController.swift */ = {isa = PBXFileReference; lastKnownFileType = sourcecode.swift; path = SettingsViewController.swift; sourceTree = "<group>"; };
		DEDD6B3828737A0500EA1BB4 /* SnapViewController.swift */ = {isa = PBXFileReference; lastKnownFileType = sourcecode.swift; path = SnapViewController.swift; sourceTree = "<group>"; };
		DEDD6B3B28737AC300EA1BB4 /* Extensions-Utilities.swift */ = {isa = PBXFileReference; lastKnownFileType = sourcecode.swift; path = "Extensions-Utilities.swift"; sourceTree = "<group>"; };
		EC79DC122B3D1C6430023BEB /* Pods-Snapchat Clone - Firebase -.release.xcconfig */ = {isa = PBXFileReference; includeInIndex = 1; lastKnownFileType = text.xcconfig; name = "Pods-Snapchat Clone - Firebase -.release.xcconfig"; path = "Target Support Files/Pods-Snapchat Clone - Firebase -/Pods-Snapchat Clone - Firebase -.release.xcconfig"; sourceTree = "<group>"; };
/* End PBXFileReference section */

/* Begin PBXFrameworksBuildPhase section */
		DE49173C28736F4E00824D4D /* Frameworks */ = {
			isa = PBXFrameworksBuildPhase;
			buildActionMask = 2147483647;
			files = (
				CA31F57C0FE09B96EFB9CC9B /* Pods_Snapchat_Clone___Firebase__.framework in Frameworks */,
			);
			runOnlyForDeploymentPostprocessing = 0;
		};
/* End PBXFrameworksBuildPhase section */

/* Begin PBXGroup section */
		3B6068AB5A4C0206C5151B6E /* Frameworks */ = {
			isa = PBXGroup;
			children = (
				6F6AE56A21A30E06415FF197 /* Pods_Snapchat_Clone___Firebase__.framework */,
			);
			name = Frameworks;
			sourceTree = "<group>";
		};
		59EC496D5FBD66097F6FA209 /* Pods */ = {
			isa = PBXGroup;
			children = (
				1E7DA24A3DD9D3434F5714A9 /* Pods-Snapchat Clone - Firebase -.debug.xcconfig */,
				EC79DC122B3D1C6430023BEB /* Pods-Snapchat Clone - Firebase -.release.xcconfig */,
			);
			path = Pods;
			sourceTree = "<group>";
		};
		DE49173628736F4E00824D4D = {
			isa = PBXGroup;
			children = (
				DE49174128736F4E00824D4D /* Snapchat Clone - Firebase - */,
				DE49174028736F4E00824D4D /* Products */,
				59EC496D5FBD66097F6FA209 /* Pods */,
				3B6068AB5A4C0206C5151B6E /* Frameworks */,
			);
			sourceTree = "<group>";
		};
		DE49174028736F4E00824D4D /* Products */ = {
			isa = PBXGroup;
			children = (
				DE49173F28736F4E00824D4D /* Snapchat Clone - Firebase -.app */,
			);
			name = Products;
			sourceTree = "<group>";
		};
		DE49174128736F4E00824D4D /* Snapchat Clone - Firebase - */ = {
			isa = PBXGroup;
			children = (
				DEDD6B3A28737AB700EA1BB4 /* Extensions */,
				DEDD6B372873762F00EA1BB4 /* Delegates */,
				DEDD6B362873761C00EA1BB4 /* ViewControllers */,
				DE49174828736F4E00824D4D /* Main.storyboard */,
				DE49174B28736F5100824D4D /* Assets.xcassets */,
				DE49174D28736F5100824D4D /* LaunchScreen.storyboard */,
				DE49175028736F5100824D4D /* Info.plist */,
				DE4917562873704D00824D4D /* GoogleService-Info.plist */,
			);
			path = "Snapchat Clone - Firebase -";
			sourceTree = "<group>";
		};
		DEDD6B362873761C00EA1BB4 /* ViewControllers */ = {
			isa = PBXGroup;
			children = (
				DE49174628736F4E00824D4D /* SignInViewController.swift */,
				DEDD6B302873760700EA1BB4 /* FeedViewController.swift */,
				DEDD6B322873760D00EA1BB4 /* UploadViewController.swift */,
				DEDD6B342873761300EA1BB4 /* SettingsViewController.swift */,
				DEDD6B3828737A0500EA1BB4 /* SnapViewController.swift */,
			);
			path = ViewControllers;
			sourceTree = "<group>";
		};
		DEDD6B372873762F00EA1BB4 /* Delegates */ = {
			isa = PBXGroup;
			children = (
				DE49174228736F4E00824D4D /* AppDelegate.swift */,
				DE49174428736F4E00824D4D /* SceneDelegate.swift */,
			);
			path = Delegates;
			sourceTree = "<group>";
		};
		DEDD6B3A28737AB700EA1BB4 /* Extensions */ = {
			isa = PBXGroup;
			children = (
				DEDD6B3B28737AC300EA1BB4 /* Extensions-Utilities.swift */,
			);
			path = Extensions;
			sourceTree = "<group>";
		};
/* End PBXGroup section */

/* Begin PBXNativeTarget section */
		DE49173E28736F4E00824D4D /* Snapchat Clone - Firebase - */ = {
			isa = PBXNativeTarget;
			buildConfigurationList = DE49175328736F5100824D4D /* Build configuration list for PBXNativeTarget "Snapchat Clone - Firebase -" */;
			buildPhases = (
				A18B4C9197084AE81A338492 /* [CP] Check Pods Manifest.lock */,
				DE49173B28736F4E00824D4D /* Sources */,
				DE49173C28736F4E00824D4D /* Frameworks */,
				DE49173D28736F4E00824D4D /* Resources */,
				CBBEB990BADEC717CAC10A31 /* [CP] Embed Pods Frameworks */,
			);
			buildRules = (
			);
			dependencies = (
			);
			name = "Snapchat Clone - Firebase -";
			productName = "Snapchat Clone - Firebase -";
			productReference = DE49173F28736F4E00824D4D /* Snapchat Clone - Firebase -.app */;
			productType = "com.apple.product-type.application";
		};
/* End PBXNativeTarget section */

/* Begin PBXProject section */
		DE49173728736F4E00824D4D /* Project object */ = {
			isa = PBXProject;
			attributes = {
				BuildIndependentTargetsInParallel = 1;
				LastSwiftUpdateCheck = 1340;
				LastUpgradeCheck = 1340;
				TargetAttributes = {
					DE49173E28736F4E00824D4D = {
						CreatedOnToolsVersion = 13.4.1;
					};
				};
			};
			buildConfigurationList = DE49173A28736F4E00824D4D /* Build configuration list for PBXProject "Snapchat Clone - Firebase -" */;
			compatibilityVersion = "Xcode 13.0";
			developmentRegion = en;
			hasScannedForEncodings = 0;
			knownRegions = (
				en,
				Base,
			);
			mainGroup = DE49173628736F4E00824D4D;
			productRefGroup = DE49174028736F4E00824D4D /* Products */;
			projectDirPath = "";
			projectRoot = "";
			targets = (
				DE49173E28736F4E00824D4D /* Snapchat Clone - Firebase - */,
			);
		};
/* End PBXProject section */

/* Begin PBXResourcesBuildPhase section */
		DE49173D28736F4E00824D4D /* Resources */ = {
			isa = PBXResourcesBuildPhase;
			buildActionMask = 2147483647;
			files = (
				DE49174F28736F5100824D4D /* LaunchScreen.storyboard in Resources */,
				DE49174C28736F5100824D4D /* Assets.xcassets in Resources */,
				DE4917572873704D00824D4D /* GoogleService-Info.plist in Resources */,
				DE49174A28736F4E00824D4D /* Main.storyboard in Resources */,
			);
			runOnlyForDeploymentPostprocessing = 0;
		};
/* End PBXResourcesBuildPhase section */

/* Begin PBXShellScriptBuildPhase section */
		A18B4C9197084AE81A338492 /* [CP] Check Pods Manifest.lock */ = {
			isa = PBXShellScriptBuildPhase;
			buildActionMask = 2147483647;
			files = (
			);
			inputFileListPaths = (
			);
			inputPaths = (
				"${PODS_PODFILE_DIR_PATH}/Podfile.lock",
				"${PODS_ROOT}/Manifest.lock",
			);
			name = "[CP] Check Pods Manifest.lock";
			outputFileListPaths = (
			);
			outputPaths = (
				"$(DERIVED_FILE_DIR)/Pods-Snapchat Clone - Firebase --checkManifestLockResult.txt",
			);
			runOnlyForDeploymentPostprocessing = 0;
			shellPath = /bin/sh;
			shellScript = "diff \"${PODS_PODFILE_DIR_PATH}/Podfile.lock\" \"${PODS_ROOT}/Manifest.lock\" > /dev/null\nif [ $? != 0 ] ; then\n    # print error to STDERR\n    echo \"error: The sandbox is not in sync with the Podfile.lock. Run 'pod install' or update your CocoaPods installation.\" >&2\n    exit 1\nfi\n# This output is used by Xcode 'outputs' to avoid re-running this script phase.\necho \"SUCCESS\" > \"${SCRIPT_OUTPUT_FILE_0}\"\n";
			showEnvVarsInLog = 0;
		};
		CBBEB990BADEC717CAC10A31 /* [CP] Embed Pods Frameworks */ = {
			isa = PBXShellScriptBuildPhase;
			buildActionMask = 2147483647;
			files = (
			);
			inputFileListPaths = (
				"${PODS_ROOT}/Target Support Files/Pods-Snapchat Clone - Firebase -/Pods-Snapchat Clone - Firebase --frameworks-${CONFIGURATION}-input-files.xcfilelist",
			);
			name = "[CP] Embed Pods Frameworks";
			outputFileListPaths = (
				"${PODS_ROOT}/Target Support Files/Pods-Snapchat Clone - Firebase -/Pods-Snapchat Clone - Firebase --frameworks-${CONFIGURATION}-output-files.xcfilelist",
			);
			runOnlyForDeploymentPostprocessing = 0;
			shellPath = /bin/sh;
			shellScript = "\"${PODS_ROOT}/Target Support Files/Pods-Snapchat Clone - Firebase -/Pods-Snapchat Clone - Firebase --frameworks.sh\"\n";
			showEnvVarsInLog = 0;
		};
/* End PBXShellScriptBuildPhase section */

/* Begin PBXSourcesBuildPhase section */
		DE49173B28736F4E00824D4D /* Sources */ = {
			isa = PBXSourcesBuildPhase;
			buildActionMask = 2147483647;
			files = (
				DE49174728736F4E00824D4D /* SignInViewController.swift in Sources */,
				DEDD6B332873760D00EA1BB4 /* UploadViewController.swift in Sources */,
				DE49174328736F4E00824D4D /* AppDelegate.swift in Sources */,
				DEDD6B312873760700EA1BB4 /* FeedViewController.swift in Sources */,
				DEDD6B3928737A0500EA1BB4 /* SnapViewController.swift in Sources */,
				DE49174528736F4E00824D4D /* SceneDelegate.swift in Sources */,
				DEDD6B3C28737AC300EA1BB4 /* Extensions-Utilities.swift in Sources */,
				DEDD6B352873761300EA1BB4 /* SettingsViewController.swift in Sources */,
			);
			runOnlyForDeploymentPostprocessing = 0;
		};
/* End PBXSourcesBuildPhase section */

/* Begin PBXVariantGroup section */
		DE49174828736F4E00824D4D /* Main.storyboard */ = {
			isa = PBXVariantGroup;
			children = (
				DE49174928736F4E00824D4D /* Base */,
			);
			name = Main.storyboard;
			sourceTree = "<group>";
		};
		DE49174D28736F5100824D4D /* LaunchScreen.storyboard */ = {
			isa = PBXVariantGroup;
			children = (
				DE49174E28736F5100824D4D /* Base */,
			);
			name = LaunchScreen.storyboard;
			sourceTree = "<group>";
		};
/* End PBXVariantGroup section */

/* Begin XCBuildConfiguration section */
		DE49175128736F5100824D4D /* Debug */ = {
			isa = XCBuildConfiguration;
			buildSettings = {
				ALWAYS_SEARCH_USER_PATHS = NO;
				CLANG_ANALYZER_NONNULL = YES;
				CLANG_ANALYZER_NUMBER_OBJECT_CONVERSION = YES_AGGRESSIVE;
				CLANG_CXX_LANGUAGE_STANDARD = "gnu++17";
				CLANG_ENABLE_MODULES = YES;
				CLANG_ENABLE_OBJC_ARC = YES;
				CLANG_ENABLE_OBJC_WEAK = YES;
				CLANG_WARN_BLOCK_CAPTURE_AUTORELEASING = YES;
				CLANG_WARN_BOOL_CONVERSION = YES;
				CLANG_WARN_COMMA = YES;
				CLANG_WARN_CONSTANT_CONVERSION = YES;
				CLANG_WARN_DEPRECATED_OBJC_IMPLEMENTATIONS = YES;
				CLANG_WARN_DIRECT_OBJC_ISA_USAGE = YES_ERROR;
				CLANG_WARN_DOCUMENTATION_COMMENTS = YES;
				CLANG_WARN_EMPTY_BODY = YES;
				CLANG_WARN_ENUM_CONVERSION = YES;
				CLANG_WARN_INFINITE_RECURSION = YES;
				CLANG_WARN_INT_CONVERSION = YES;
				CLANG_WARN_NON_LITERAL_NULL_CONVERSION = YES;
				CLANG_WARN_OBJC_IMPLICIT_RETAIN_SELF = YES;
				CLANG_WARN_OBJC_LITERAL_CONVERSION = YES;
				CLANG_WARN_OBJC_ROOT_CLASS = YES_ERROR;
				CLANG_WARN_QUOTED_INCLUDE_IN_FRAMEWORK_HEADER = YES;
				CLANG_WARN_RANGE_LOOP_ANALYSIS = YES;
				CLANG_WARN_STRICT_PROTOTYPES = YES;
				CLANG_WARN_SUSPICIOUS_MOVE = YES;
				CLANG_WARN_UNGUARDED_AVAILABILITY = YES_AGGRESSIVE;
				CLANG_WARN_UNREACHABLE_CODE = YES;
				CLANG_WARN__DUPLICATE_METHOD_MATCH = YES;
				COPY_PHASE_STRIP = NO;
				DEBUG_INFORMATION_FORMAT = dwarf;
				ENABLE_STRICT_OBJC_MSGSEND = YES;
				ENABLE_TESTABILITY = YES;
				GCC_C_LANGUAGE_STANDARD = gnu11;
				GCC_DYNAMIC_NO_PIC = NO;
				GCC_NO_COMMON_BLOCKS = YES;
				GCC_OPTIMIZATION_LEVEL = 0;
				GCC_PREPROCESSOR_DEFINITIONS = (
					"DEBUG=1",
					"$(inherited)",
				);
				GCC_WARN_64_TO_32_BIT_CONVERSION = YES;
				GCC_WARN_ABOUT_RETURN_TYPE = YES_ERROR;
				GCC_WARN_UNDECLARED_SELECTOR = YES;
				GCC_WARN_UNINITIALIZED_AUTOS = YES_AGGRESSIVE;
				GCC_WARN_UNUSED_FUNCTION = YES;
				GCC_WARN_UNUSED_VARIABLE = YES;
				IPHONEOS_DEPLOYMENT_TARGET = 15.5;
				MTL_ENABLE_DEBUG_INFO = INCLUDE_SOURCE;
				MTL_FAST_MATH = YES;
				ONLY_ACTIVE_ARCH = YES;
				SDKROOT = iphoneos;
				SWIFT_ACTIVE_COMPILATION_CONDITIONS = DEBUG;
				SWIFT_OPTIMIZATION_LEVEL = "-Onone";
			};
			name = Debug;
		};
		DE49175228736F5100824D4D /* Release */ = {
			isa = XCBuildConfiguration;
			buildSettings = {
				ALWAYS_SEARCH_USER_PATHS = NO;
				CLANG_ANALYZER_NONNULL = YES;
				CLANG_ANALYZER_NUMBER_OBJECT_CONVERSION = YES_AGGRESSIVE;
				CLANG_CXX_LANGUAGE_STANDARD = "gnu++17";
				CLANG_ENABLE_MODULES = YES;
				CLANG_ENABLE_OBJC_ARC = YES;
				CLANG_ENABLE_OBJC_WEAK = YES;
				CLANG_WARN_BLOCK_CAPTURE_AUTORELEASING = YES;
				CLANG_WARN_BOOL_CONVERSION = YES;
				CLANG_WARN_COMMA = YES;
				CLANG_WARN_CONSTANT_CONVERSION = YES;
				CLANG_WARN_DEPRECATED_OBJC_IMPLEMENTATIONS = YES;
				CLANG_WARN_DIRECT_OBJC_ISA_USAGE = YES_ERROR;
				CLANG_WARN_DOCUMENTATION_COMMENTS = YES;
				CLANG_WARN_EMPTY_BODY = YES;
				CLANG_WARN_ENUM_CONVERSION = YES;
				CLANG_WARN_INFINITE_RECURSION = YES;
				CLANG_WARN_INT_CONVERSION = YES;
				CLANG_WARN_NON_LITERAL_NULL_CONVERSION = YES;
				CLANG_WARN_OBJC_IMPLICIT_RETAIN_SELF = YES;
				CLANG_WARN_OBJC_LITERAL_CONVERSION = YES;
				CLANG_WARN_OBJC_ROOT_CLASS = YES_ERROR;
				CLANG_WARN_QUOTED_INCLUDE_IN_FRAMEWORK_HEADER = YES;
				CLANG_WARN_RANGE_LOOP_ANALYSIS = YES;
				CLANG_WARN_STRICT_PROTOTYPES = YES;
				CLANG_WARN_SUSPICIOUS_MOVE = YES;
				CLANG_WARN_UNGUARDED_AVAILABILITY = YES_AGGRESSIVE;
				CLANG_WARN_UNREACHABLE_CODE = YES;
				CLANG_WARN__DUPLICATE_METHOD_MATCH = YES;
				COPY_PHASE_STRIP = NO;
				DEBUG_INFORMATION_FORMAT = "dwarf-with-dsym";
				ENABLE_NS_ASSERTIONS = NO;
				ENABLE_STRICT_OBJC_MSGSEND = YES;
				GCC_C_LANGUAGE_STANDARD = gnu11;
				GCC_NO_COMMON_BLOCKS = YES;
				GCC_WARN_64_TO_32_BIT_CONVERSION = YES;
				GCC_WARN_ABOUT_RETURN_TYPE = YES_ERROR;
				GCC_WARN_UNDECLARED_SELECTOR = YES;
				GCC_WARN_UNINITIALIZED_AUTOS = YES_AGGRESSIVE;
				GCC_WARN_UNUSED_FUNCTION = YES;
				GCC_WARN_UNUSED_VARIABLE = YES;
				IPHONEOS_DEPLOYMENT_TARGET = 15.5;
				MTL_ENABLE_DEBUG_INFO = NO;
				MTL_FAST_MATH = YES;
				SDKROOT = iphoneos;
				SWIFT_COMPILATION_MODE = wholemodule;
				SWIFT_OPTIMIZATION_LEVEL = "-O";
				VALIDATE_PRODUCT = YES;
			};
			name = Release;
		};
		DE49175428736F5100824D4D /* Debug */ = {
			isa = XCBuildConfiguration;
			baseConfigurationReference = 1E7DA24A3DD9D3434F5714A9 /* Pods-Snapchat Clone - Firebase -.debug.xcconfig */;
			buildSettings = {
				ASSETCATALOG_COMPILER_APPICON_NAME = AppIcon;
				ASSETCATALOG_COMPILER_GLOBAL_ACCENT_COLOR_NAME = AccentColor;
				CODE_SIGN_STYLE = Automatic;
				CURRENT_PROJECT_VERSION = 1;
				DEVELOPMENT_TEAM = 7CRNJ953YN;
				GENERATE_INFOPLIST_FILE = YES;
				INFOPLIST_FILE = "Snapchat Clone - Firebase -/Info.plist";
				INFOPLIST_KEY_UIApplicationSupportsIndirectInputEvents = YES;
				INFOPLIST_KEY_UILaunchStoryboardName = LaunchScreen;
				INFOPLIST_KEY_UIMainStoryboardFile = Main;
				INFOPLIST_KEY_UISupportedInterfaceOrientations_iPad = "UIInterfaceOrientationPortrait UIInterfaceOrientationPortraitUpsideDown UIInterfaceOrientationLandscapeLeft UIInterfaceOrientationLandscapeRight";
				INFOPLIST_KEY_UISupportedInterfaceOrientations_iPhone = "UIInterfaceOrientationPortrait UIInterfaceOrientationLandscapeLeft UIInterfaceOrientationLandscapeRight";
				LD_RUNPATH_SEARCH_PATHS = (
					"$(inherited)",
					"@executable_path/Frameworks",
				);
				MARKETING_VERSION = 1.0;
				PRODUCT_BUNDLE_IDENTIFIER = "com.omerKilicaslan.Snapchat-Clone---Firebase--";
				PRODUCT_NAME = "$(TARGET_NAME)";
				SWIFT_EMIT_LOC_STRINGS = YES;
				SWIFT_VERSION = 5.0;
				TARGETED_DEVICE_FAMILY = "1,2";
			};
			name = Debug;
		};
		DE49175528736F5100824D4D /* Release */ = {
			isa = XCBuildConfiguration;
			baseConfigurationReference = EC79DC122B3D1C6430023BEB /* Pods-Snapchat Clone - Firebase -.release.xcconfig */;
			buildSettings = {
				ASSETCATALOG_COMPILER_APPICON_NAME = AppIcon;
				ASSETCATALOG_COMPILER_GLOBAL_ACCENT_COLOR_NAME = AccentColor;
				CODE_SIGN_STYLE = Automatic;
				CURRENT_PROJECT_VERSION = 1;
				DEVELOPMENT_TEAM = 7CRNJ953YN;
				GENERATE_INFOPLIST_FILE = YES;
				INFOPLIST_FILE = "Snapchat Clone - Firebase -/Info.plist";
				INFOPLIST_KEY_UIApplicationSupportsIndirectInputEvents = YES;
				INFOPLIST_KEY_UILaunchStoryboardName = LaunchScreen;
				INFOPLIST_KEY_UIMainStoryboardFile = Main;
				INFOPLIST_KEY_UISupportedInterfaceOrientations_iPad = "UIInterfaceOrientationPortrait UIInterfaceOrientationPortraitUpsideDown UIInterfaceOrientationLandscapeLeft UIInterfaceOrientationLandscapeRight";
				INFOPLIST_KEY_UISupportedInterfaceOrientations_iPhone = "UIInterfaceOrientationPortrait UIInterfaceOrientationLandscapeLeft UIInterfaceOrientationLandscapeRight";
				LD_RUNPATH_SEARCH_PATHS = (
					"$(inherited)",
					"@executable_path/Frameworks",
				);
				MARKETING_VERSION = 1.0;
				PRODUCT_BUNDLE_IDENTIFIER = "com.omerKilicaslan.Snapchat-Clone---Firebase--";
				PRODUCT_NAME = "$(TARGET_NAME)";
				SWIFT_EMIT_LOC_STRINGS = YES;
				SWIFT_VERSION = 5.0;
				TARGETED_DEVICE_FAMILY = "1,2";
			};
			name = Release;
		};
/* End XCBuildConfiguration section */

/* Begin XCConfigurationList section */
		DE49173A28736F4E00824D4D /* Build configuration list for PBXProject "Snapchat Clone - Firebase -" */ = {
			isa = XCConfigurationList;
			buildConfigurations = (
				DE49175128736F5100824D4D /* Debug */,
				DE49175228736F5100824D4D /* Release */,
			);
			defaultConfigurationIsVisible = 0;
			defaultConfigurationName = Release;
		};
		DE49175328736F5100824D4D /* Build configuration list for PBXNativeTarget "Snapchat Clone - Firebase -" */ = {
			isa = XCConfigurationList;
			buildConfigurations = (
				DE49175428736F5100824D4D /* Debug */,
				DE49175528736F5100824D4D /* Release */,
			);
			defaultConfigurationIsVisible = 0;
			defaultConfigurationName = Release;
		};
/* End XCConfigurationList section */
	};
	rootObject = DE49173728736F4E00824D4D /* Project object */;
}
